
Microsoft Visual Studio Solution File, Format Version 12.00
# Visual Studio Version 17
VisualStudioVersion = 17.6.33723.286
MinimumVisualStudioVersion = 10.0.40219.1
Project("{FAE04EC0-301F-11D3-BF4B-00C04F79EFBC}") = "home-14June", "home-14June\home-14June.csproj", "{34650510-FEED-40BE-BC50-D793EC2C9FF1}"
EndProject
Global
	GlobalSection(SolutionConfigurationPlatforms) = preSolution
		Debug|Any CPU = Debug|Any CPU
		Release|Any CPU = Release|Any CPU
	EndGlobalSection
	GlobalSection(ProjectConfigurationPlatforms) = postSolution
		{34650510-FEED-40BE-BC50-D793EC2C9FF1}.Debug|Any CPU.ActiveCfg = Debug|Any CPU
		{34650510-FEED-40BE-BC50-D793EC2C9FF1}.Debug|Any CPU.Build.0 = Debug|Any CPU
		{34650510-FEED-40BE-BC50-D793EC2C9FF1}.Release|Any CPU.ActiveCfg = Release|Any CPU
		{34650510-FEED-40BE-BC50-D793EC2C9FF1}.Release|Any CPU.Build.0 = Release|Any CPU
	EndGlobalSection
	GlobalSection(SolutionProperties) = preSolution
		HideSolutionNode = FALSE
	EndGlobalSection
	GlobalSection(ExtensibilityGlobals) = postSolution
		SolutionGuid = {A8926CAE-9A4D-4721-855F-E4CDC1430AFE}
	EndGlobalSection
EndGlobal
